
Microsoft Visual Studio Solution File, Format Version 12.00
# Visual Studio Version 17
VisualStudioVersion = 17.9.34310.174
MinimumVisualStudioVersion = 10.0.40219.1
Project("{FAE04EC0-301F-11D3-BF4B-00C04F79EFBC}") = "AdventOfCode2023", "AdventOfCode2023\AdventOfCode2023.csproj", "{C8362873-40AE-4D11-81EC-A5DE42ABD090}"
EndProject
Global
	GlobalSection(SolutionConfigurationPlatforms) = preSolution
		Debug|Any CPU = Debug|Any CPU
		Release|Any CPU = Release|Any CPU
	EndGlobalSection
	GlobalSection(ProjectConfigurationPlatforms) = postSolution
		{C8362873-40AE-4D11-81EC-A5DE42ABD090}.Debug|Any CPU.ActiveCfg = Debug|Any CPU
		{C8362873-40AE-4D11-81EC-A5DE42ABD090}.Debug|Any CPU.Build.0 = Debug|Any CPU
		{C8362873-40AE-4D11-81EC-A5DE42ABD090}.Release|Any CPU.ActiveCfg = Release|Any CPU
		{C8362873-40AE-4D11-81EC-A5DE42ABD090}.Release|Any CPU.Build.0 = Release|Any CPU
	EndGlobalSection
	GlobalSection(SolutionProperties) = preSolution
		HideSolutionNode = FALSE
	EndGlobalSection
	GlobalSection(ExtensibilityGlobals) = postSolution
		SolutionGuid = {A104AD15-BD07-48BE-9808-A9302F0C5079}
	EndGlobalSection
EndGlobal
